
Microsoft Visual Studio Solution File, Format Version 12.00
# Visual Studio Version 17
VisualStudioVersion = 17.13.35825.156 d17.13
MinimumVisualStudioVersion = 10.0.40219.1
Project("{FAE04EC0-301F-11D3-BF4B-00C04F79EFBC}") = "AwsLambdaCrudApi", "src\AwsLambdaCrudApi\AwsLambdaCrudApi.csproj", "{A8D1C9D2-DE27-4A38-A96A-8682F00755DB}"
EndProject
Global
	GlobalSection(SolutionConfigurationPlatforms) = preSolution
		Debug|Any CPU = Debug|Any CPU
		Release|Any CPU = Release|Any CPU
	EndGlobalSection
	GlobalSection(ProjectConfigurationPlatforms) = postSolution
		{A8D1C9D2-DE27-4A38-A96A-8682F00755DB}.Debug|Any CPU.ActiveCfg = Debug|Any CPU
		{A8D1C9D2-DE27-4A38-A96A-8682F00755DB}.Debug|Any CPU.Build.0 = Debug|Any CPU
		{A8D1C9D2-DE27-4A38-A96A-8682F00755DB}.Release|Any CPU.ActiveCfg = Release|Any CPU
		{A8D1C9D2-DE27-4A38-A96A-8682F00755DB}.Release|Any CPU.Build.0 = Release|Any CPU
	EndGlobalSection
	GlobalSection(SolutionProperties) = preSolution
		HideSolutionNode = FALSE
	EndGlobalSection
	GlobalSection(ExtensibilityGlobals) = postSolution
		SolutionGuid = {CEE0EC78-0BFD-4E84-B7C8-659113219CEB}
	EndGlobalSection
EndGlobal
